// !$*UTF8*$!
{
	archiveVersion = 1;
	classes = {
	};
	objectVersion = 48;
	objects = {

/* Begin PBXBuildFile section */
		632BF4CF1FD236AF00ED1F85 /* AppDelegate.swift in Sources */ = {isa = PBXBuildFile; fileRef = 632BF4CE1FD236AF00ED1F85 /* AppDelegate.swift */; };
		632BF4D11FD236AF00ED1F85 /* ViewController.swift in Sources */ = {isa = PBXBuildFile; fileRef = 632BF4D01FD236AF00ED1F85 /* ViewController.swift */; };
		632BF4D41FD236AF00ED1F85 /* Main.storyboard in Resources */ = {isa = PBXBuildFile; fileRef = 632BF4D21FD236AF00ED1F85 /* Main.storyboard */; };
		632BF4D61FD236AF00ED1F85 /* Assets.xcassets in Resources */ = {isa = PBXBuildFile; fileRef = 632BF4D51FD236AF00ED1F85 /* Assets.xcassets */; };
		632BF4D91FD236AF00ED1F85 /* LaunchScreen.storyboard in Resources */ = {isa = PBXBuildFile; fileRef = 632BF4D71FD236AF00ED1F85 /* LaunchScreen.storyboard */; };
		63E0556E1FD663E3000A3D9C /* AboutViewController.swift in Sources */ = {isa = PBXBuildFile; fileRef = 63E0556D1FD663E3000A3D9C /* AboutViewController.swift */; };
		63E055701FD66A6C000A3D9C /* BullsEye.html in Resources */ = {isa = PBXBuildFile; fileRef = 63E0556F1FD66A6C000A3D9C /* BullsEye.html */; };
/* End PBXBuildFile section */

/* Begin PBXFileReference section */
		632BF4CB1FD236AF00ED1F85 /* BullsEye.app */ = {isa = PBXFileReference; explicitFileType = wrapper.application; includeInIndex = 0; path = BullsEye.app; sourceTree = BUILT_PRODUCTS_DIR; };
		632BF4CE1FD236AF00ED1F85 /* AppDelegate.swift */ = {isa = PBXFileReference; lastKnownFileType = sourcecode.swift; path = AppDelegate.swift; sourceTree = "<group>"; };
		632BF4D01FD236AF00ED1F85 /* ViewController.swift */ = {isa = PBXFileReference; lastKnownFileType = sourcecode.swift; path = ViewController.swift; sourceTree = "<group>"; };
		632BF4D31FD236AF00ED1F85 /* Base */ = {isa = PBXFileReference; lastKnownFileType = file.storyboard; name = Base; path = Base.lproj/Main.storyboard; sourceTree = "<group>"; };
		632BF4D51FD236AF00ED1F85 /* Assets.xcassets */ = {isa = PBXFileReference; lastKnownFileType = folder.assetcatalog; path = Assets.xcassets; sourceTree = "<group>"; };
		632BF4D81FD236AF00ED1F85 /* Base */ = {isa = PBXFileReference; lastKnownFileType = file.storyboard; name = Base; path = Base.lproj/LaunchScreen.storyboard; sourceTree = "<group>"; };
		632BF4DA1FD236AF00ED1F85 /* Info.plist */ = {isa = PBXFileReference; lastKnownFileType = text.plist.xml; path = Info.plist; sourceTree = "<group>"; };
		63E0556D1FD663E3000A3D9C /* AboutViewController.swift */ = {isa = PBXFileReference; lastKnownFileType = sourcecode.swift; path = AboutViewController.swift; sourceTree = "<group>"; };
		63E0556F1FD66A6C000A3D9C /* BullsEye.html */ = {isa = PBXFileReference; fileEncoding = 4; lastKnownFileType = text.html; path = BullsEye.html; sourceTree = "<group>"; };
/* End PBXFileReference section */

/* Begin PBXFrameworksBuildPhase section */
		632BF4C81FD236AF00ED1F85 /* Frameworks */ = {
			isa = PBXFrameworksBuildPhase;
			buildActionMask = 2147483647;
			files = (
			);
			runOnlyForDeploymentPostprocessing = 0;
		};
/* End PBXFrameworksBuildPhase section */

/* Begin PBXGroup section */
		632BF4C21FD236AF00ED1F85 = {
			isa = PBXGroup;
			children = (
				632BF4CD1FD236AF00ED1F85 /* BullsEye */,
				632BF4CC1FD236AF00ED1F85 /* Products */,
			);
			sourceTree = "<group>";
		};
		632BF4CC1FD236AF00ED1F85 /* Products */ = {
			isa = PBXGroup;
			children = (
				632BF4CB1FD236AF00ED1F85 /* BullsEye.app */,
			);
			name = Products;
			sourceTree = "<group>";
		};
		632BF4CD1FD236AF00ED1F85 /* BullsEye */ = {
			isa = PBXGroup;
			children = (
				63E0556F1FD66A6C000A3D9C /* BullsEye.html */,
				632BF4CE1FD236AF00ED1F85 /* AppDelegate.swift */,
				632BF4D01FD236AF00ED1F85 /* ViewController.swift */,
				63E0556D1FD663E3000A3D9C /* AboutViewController.swift */,
				632BF4D21FD236AF00ED1F85 /* Main.storyboard */,
				632BF4D51FD236AF00ED1F85 /* Assets.xcassets */,
				632BF4D71FD236AF00ED1F85 /* LaunchScreen.storyboard */,
				632BF4DA1FD236AF00ED1F85 /* Info.plist */,
			);
			path = BullsEye;
			sourceTree = "<group>";
		};
/* End PBXGroup section */

/* Begin PBXNativeTarget section */
		632BF4CA1FD236AF00ED1F85 /* BullsEye */ = {
			isa = PBXNativeTarget;
			buildConfigurationList = 632BF4DD1FD236AF00ED1F85 /* Build configuration list for PBXNativeTarget "BullsEye" */;
			buildPhases = (
				632BF4C71FD236AF00ED1F85 /* Sources */,
				632BF4C81FD236AF00ED1F85 /* Frameworks */,
				632BF4C91FD236AF00ED1F85 /* Resources */,
			);
			buildRules = (
			);
			dependencies = (
			);
			name = BullsEye;
			productName = BullsEye;
			productReference = 632BF4CB1FD236AF00ED1F85 /* BullsEye.app */;
			productType = "com.apple.product-type.application";
		};
/* End PBXNativeTarget section */

/* Begin PBXProject section */
		632BF4C31FD236AF00ED1F85 /* Project object */ = {
			isa = PBXProject;
			attributes = {
				LastSwiftUpdateCheck = 0910;
				LastUpgradeCheck = 0910;
				ORGANIZATIONNAME = "Chad Williams";
				TargetAttributes = {
					632BF4CA1FD236AF00ED1F85 = {
						CreatedOnToolsVersion = 9.1;
						ProvisioningStyle = Automatic;
					};
				};
			};
			buildConfigurationList = 632BF4C61FD236AF00ED1F85 /* Build configuration list for PBXProject "BullsEye" */;
			compatibilityVersion = "Xcode 8.0";
			developmentRegion = en;
			hasScannedForEncodings = 0;
			knownRegions = (
				en,
				Base,
			);
			mainGroup = 632BF4C21FD236AF00ED1F85;
			productRefGroup = 632BF4CC1FD236AF00ED1F85 /* Products */;
			projectDirPath = "";
			projectRoot = "";
			targets = (
				632BF4CA1FD236AF00ED1F85 /* BullsEye */,
			);
		};
/* End PBXProject section */

/* Begin PBXResourcesBuildPhase section */
		632BF4C91FD236AF00ED1F85 /* Resources */ = {
			isa = PBXResourcesBuildPhase;
			buildActionMask = 2147483647;
			files = (
				632BF4D91FD236AF00ED1F85 /* LaunchScreen.storyboard in Resources */,
				63E055701FD66A6C000A3D9C /* BullsEye.html in Resources */,
				632BF4D61FD236AF00ED1F85 /* Assets.xcassets in Resources */,
				632BF4D41FD236AF00ED1F85 /* Main.storyboard in Resources */,
			);
			runOnlyForDeploymentPostprocessing = 0;
		};
/* End PBXResourcesBuildPhase section */

/* Begin PBXSourcesBuildPhase section */
		632BF4C71FD236AF00ED1F85 /* Sources */ = {
			isa = PBXSourcesBuildPhase;
			buildActionMask = 2147483647;
			files = (
				63E0556E1FD663E3000A3D9C /* AboutViewController.swift in Sources */,
				632BF4D11FD236AF00ED1F85 /* ViewController.swift in Sources */,
				632BF4CF1FD236AF00ED1F85 /* AppDelegate.swift in Sources */,
			);
			runOnlyForDeploymentPostprocessing = 0;
		};
/* End PBXSourcesBuildPhase section */

/* Begin PBXVariantGroup section */
		632BF4D21FD236AF00ED1F85 /* Main.storyboard */ = {
			isa = PBXVariantGroup;
			children = (
				632BF4D31FD236AF00ED1F85 /* Base */,
			);
			name = Main.storyboard;
			sourceTree = "<group>";
		};
		632BF4D71FD236AF00ED1F85 /* LaunchScreen.storyboard */ = {
			isa = PBXVariantGroup;
			children = (
				632BF4D81FD236AF00ED1F85 /* Base */,
			);
			name = LaunchScreen.storyboard;
			sourceTree = "<group>";
		};
/* End PBXVariantGroup section */

/* Begin XCBuildConfiguration section */
		632BF4DB1FD236AF00ED1F85 /* Debug */ = {
			isa = XCBuildConfiguration;
			buildSettings = {
				ALWAYS_SEARCH_USER_PATHS = NO;
				CLANG_ANALYZER_NONNULL = YES;
				CLANG_ANALYZER_NUMBER_OBJECT_CONVERSION = YES_AGGRESSIVE;
				CLANG_CXX_LANGUAGE_STANDARD = "gnu++14";
				CLANG_CXX_LIBRARY = "libc++";
				CLANG_ENABLE_MODULES = YES;
				CLANG_ENABLE_OBJC_ARC = YES;
				CLANG_WARN_BLOCK_CAPTURE_AUTORELEASING = YES;
				CLANG_WARN_BOOL_CONVERSION = YES;
				CLANG_WARN_COMMA = YES;
				CLANG_WARN_CONSTANT_CONVERSION = YES;
				CLANG_WARN_DIRECT_OBJC_ISA_USAGE = YES_ERROR;
				CLANG_WARN_DOCUMENTATION_COMMENTS = YES;
				CLANG_WARN_EMPTY_BODY = YES;
				CLANG_WARN_ENUM_CONVERSION = YES;
				CLANG_WARN_INFINITE_RECURSION = YES;
				CLANG_WARN_INT_CONVERSION = YES;
				CLANG_WARN_NON_LITERAL_NULL_CONVERSION = YES;
				CLANG_WARN_OBJC_LITERAL_CONVERSION = YES;
				CLANG_WARN_OBJC_ROOT_CLASS = YES_ERROR;
				CLANG_WARN_RANGE_LOOP_ANALYSIS = YES;
				CLANG_WARN_STRICT_PROTOTYPES = YES;
				CLANG_WARN_SUSPICIOUS_MOVE = YES;
				CLANG_WARN_UNGUARDED_AVAILABILITY = YES_AGGRESSIVE;
				CLANG_WARN_UNREACHABLE_CODE = YES;
				CLANG_WARN__DUPLICATE_METHOD_MATCH = YES;
				CODE_SIGN_IDENTITY = "iPhone Developer";
				COPY_PHASE_STRIP = NO;
				DEBUG_INFORMATION_FORMAT = dwarf;
				ENABLE_STRICT_OBJC_MSGSEND = YES;
				ENABLE_TESTABILITY = YES;
				GCC_C_LANGUAGE_STANDARD = gnu11;
				GCC_DYNAMIC_NO_PIC = NO;
				GCC_NO_COMMON_BLOCKS = YES;
				GCC_OPTIMIZATION_LEVEL = 0;
				GCC_PREPROCESSOR_DEFINITIONS = (
					"DEBUG=1",
					"$(inherited)",
				);
				GCC_WARN_64_TO_32_BIT_CONVERSION = YES;
				GCC_WARN_ABOUT_RETURN_TYPE = YES_ERROR;
				GCC_WARN_UNDECLARED_SELECTOR = YES;
				GCC_WARN_UNINITIALIZED_AUTOS = YES_AGGRESSIVE;
				GCC_WARN_UNUSED_FUNCTION = YES;
				GCC_WARN_UNUSED_VARIABLE = YES;
				IPHONEOS_DEPLOYMENT_TARGET = 11.1;
				MTL_ENABLE_DEBUG_INFO = YES;
				ONLY_ACTIVE_ARCH = YES;
				SDKROOT = iphoneos;
				SWIFT_ACTIVE_COMPILATION_CONDITIONS = DEBUG;
				SWIFT_OPTIMIZATION_LEVEL = "-Onone";
			};
			name = Debug;
		};
		632BF4DC1FD236AF00ED1F85 /* Release */ = {
			isa = XCBuildConfiguration;
			buildSettings = {
				ALWAYS_SEARCH_USER_PATHS = NO;
				CLANG_ANALYZER_NONNULL = YES;
				CLANG_ANALYZER_NUMBER_OBJECT_CONVERSION = YES_AGGRESSIVE;
				CLANG_CXX_LANGUAGE_STANDARD = "gnu++14";
				CLANG_CXX_LIBRARY = "libc++";
				CLANG_ENABLE_MODULES = YES;
				CLANG_ENABLE_OBJC_ARC = YES;
				CLANG_WARN_BLOCK_CAPTURE_AUTORELEASING = YES;
				CLANG_WARN_BOOL_CONVERSION = YES;
				CLANG_WARN_COMMA = YES;
				CLANG_WARN_CONSTANT_CONVERSION = YES;
				CLANG_WARN_DIRECT_OBJC_ISA_USAGE = YES_ERROR;
				CLANG_WARN_DOCUMENTATION_COMMENTS = YES;
				CLANG_WARN_EMPTY_BODY = YES;
				CLANG_WARN_ENUM_CONVERSION = YES;
				CLANG_WARN_INFINITE_RECURSION = YES;
				CLANG_WARN_INT_CONVERSION = YES;
				CLANG_WARN_NON_LITERAL_NULL_CONVERSION = YES;
				CLANG_WARN_OBJC_LITERAL_CONVERSION = YES;
				CLANG_WARN_OBJC_ROOT_CLASS = YES_ERROR;
				CLANG_WARN_RANGE_LOOP_ANALYSIS = YES;
				CLANG_WARN_STRICT_PROTOTYPES = YES;
				CLANG_WARN_SUSPICIOUS_MOVE = YES;
				CLANG_WARN_UNGUARDED_AVAILABILITY = YES_AGGRESSIVE;
				CLANG_WARN_UNREACHABLE_CODE = YES;
				CLANG_WARN__DUPLICATE_METHOD_MATCH = YES;
				CODE_SIGN_IDENTITY = "iPhone Developer";
				COPY_PHASE_STRIP = NO;
				DEBUG_INFORMATION_FORMAT = "dwarf-with-dsym";
				ENABLE_NS_ASSERTIONS = NO;
				ENABLE_STRICT_OBJC_MSGSEND = YES;
				GCC_C_LANGUAGE_STANDARD = gnu11;
				GCC_NO_COMMON_BLOCKS = YES;
				GCC_WARN_64_TO_32_BIT_CONVERSION = YES;
				GCC_WARN_ABOUT_RETURN_TYPE = YES_ERROR;
				GCC_WARN_UNDECLARED_SELECTOR = YES;
				GCC_WARN_UNINITIALIZED_AUTOS = YES_AGGRESSIVE;
				GCC_WARN_UNUSED_FUNCTION = YES;
				GCC_WARN_UNUSED_VARIABLE = YES;
				IPHONEOS_DEPLOYMENT_TARGET = 11.1;
				MTL_ENABLE_DEBUG_INFO = NO;
				SDKROOT = iphoneos;
				SWIFT_OPTIMIZATION_LEVEL = "-Owholemodule";
				VALIDATE_PRODUCT = YES;
			};
			name = Release;
		};
		632BF4DE1FD236AF00ED1F85 /* Debug */ = {
			isa = XCBuildConfiguration;
			buildSettings = {
				ASSETCATALOG_COMPILER_APPICON_NAME = AppIcon;
				CODE_SIGN_STYLE = Automatic;
				DEVELOPMENT_TEAM = USX5JPN9EV;
				INFOPLIST_FILE = BullsEye/Info.plist;
				LD_RUNPATH_SEARCH_PATHS = "$(inherited) @executable_path/Frameworks";
				PRODUCT_BUNDLE_IDENTIFIER = com.voidarray.BullsEye;
				PRODUCT_NAME = "$(TARGET_NAME)";
				SWIFT_VERSION = 4.0;
				TARGETED_DEVICE_FAMILY = "1,2";
			};
			name = Debug;
		};
		632BF4DF1FD236AF00ED1F85 /* Release */ = {
			isa = XCBuildConfiguration;
			buildSettings = {
				ASSETCATALOG_COMPILER_APPICON_NAME = AppIcon;
				CODE_SIGN_STYLE = Automatic;
				DEVELOPMENT_TEAM = USX5JPN9EV;
				INFOPLIST_FILE = BullsEye/Info.plist;
				LD_RUNPATH_SEARCH_PATHS = "$(inherited) @executable_path/Frameworks";
				PRODUCT_BUNDLE_IDENTIFIER = com.voidarray.BullsEye;
				PRODUCT_NAME = "$(TARGET_NAME)";
				SWIFT_VERSION = 4.0;
				TARGETED_DEVICE_FAMILY = "1,2";
			};
			name = Release;
		};
/* End XCBuildConfiguration section */

/* Begin XCConfigurationList section */
		632BF4C61FD236AF00ED1F85 /* Build configuration list for PBXProject "BullsEye" */ = {
			isa = XCConfigurationList;
			buildConfigurations = (
				632BF4DB1FD236AF00ED1F85 /* Debug */,
				632BF4DC1FD236AF00ED1F85 /* Release */,
			);
			defaultConfigurationIsVisible = 0;
			defaultConfigurationName = Release;
		};
		632BF4DD1FD236AF00ED1F85 /* Build configuration list for PBXNativeTarget "BullsEye" */ = {
			isa = XCConfigurationList;
			buildConfigurations = (
				632BF4DE1FD236AF00ED1F85 /* Debug */,
				632BF4DF1FD236AF00ED1F85 /* Release */,
			);
			defaultConfigurationIsVisible = 0;
			defaultConfigurationName = Release;
		};
/* End XCConfigurationList section */
	};
	rootObject = 632BF4C31FD236AF00ED1F85 /* Project object */;
}
